
Microsoft Visual Studio Solution File, Format Version 12.00
# Visual Studio Version 16
Project("{2150E333-8FDC-42A3-9474-1A3956D46DE8}") = "CMakePredefinedTargets", "CMakePredefinedTargets", "{1868B0DC-2401-33D0-BDE6-2C571FAEF80B}"
EndProject
Project("{2150E333-8FDC-42A3-9474-1A3956D46DE8}") = "External", "External", "{D9D941D9-A68A-3EB7-8741-E4E101AAB5EE}"
EndProject
Project("{2150E333-8FDC-42A3-9474-1A3956D46DE8}") = "Internal", "Internal", "{98951AE9-759D-3485-BFAF-37E9C062ED5E}"
EndProject
Project("{8BC9CEB8-8B4A-11D0-8D11-00A0C91BC942}") = "ALL_BUILD", "ALL_BUILD.vcxproj", "{AC250694-6958-3122-BE41-0955CFB5A8DE}"
	ProjectSection(ProjectDependencies) = postProject
		{29C428EC-5FF1-3DD4-85C4-4081528C5E80} = {29C428EC-5FF1-3DD4-85C4-4081528C5E80}
		{266DC389-38EA-3AC6-8E5C-5F972C5CDE20} = {266DC389-38EA-3AC6-8E5C-5F972C5CDE20}
		{25A766BB-FB0B-3CD2-8B57-F610435627B4} = {25A766BB-FB0B-3CD2-8B57-F610435627B4}
		{96DA19A8-F680-3729-8A15-27FEAD7134CB} = {96DA19A8-F680-3729-8A15-27FEAD7134CB}
		{8F39E87B-1BD8-3F6D-A489-46575EFBD236} = {8F39E87B-1BD8-3F6D-A489-46575EFBD236}
		{96C42453-C4B9-3407-9A67-83D57F19DD20} = {96C42453-C4B9-3407-9A67-83D57F19DD20}
		{68C04AA3-FC54-33AA-8760-59EF5A0E6C64} = {68C04AA3-FC54-33AA-8760-59EF5A0E6C64}
		{750265CC-E133-3287-9CB4-2F94901035B2} = {750265CC-E133-3287-9CB4-2F94901035B2}
		{088BDFB1-35B2-378A-B868-B1AFA9060291} = {088BDFB1-35B2-378A-B868-B1AFA9060291}
		{8FBE82C4-8608-36A3-8E10-2F35CC1CDCBA} = {8FBE82C4-8608-36A3-8E10-2F35CC1CDCBA}
		{00705399-350A-3F43-9382-A813D51FAE30} = {00705399-350A-3F43-9382-A813D51FAE30}
		{19FF5254-36ED-3521-80DE-14FFB1776D9B} = {19FF5254-36ED-3521-80DE-14FFB1776D9B}
		{B0764818-03E5-39C6-87B1-640ADEBF3483} = {B0764818-03E5-39C6-87B1-640ADEBF3483}
	EndProjectSection
EndProject
Project("{8BC9CEB8-8B4A-11D0-8D11-00A0C91BC942}") = "ZERO_CHECK", "..\..\..\\ZERO_CHECK.vcxproj", "{29C428EC-5FF1-3DD4-85C4-4081528C5E80}"
	ProjectSection(ProjectDependencies) = postProject
	EndProjectSection
EndProject
Project("{8BC9CEB8-8B4A-11D0-8D11-00A0C91BC942}") = "cocos2d", "cocos2d.vcxproj", "{266DC389-38EA-3AC6-8E5C-5F972C5CDE20}"
	ProjectSection(ProjectDependencies) = postProject
		{29C428EC-5FF1-3DD4-85C4-4081528C5E80} = {29C428EC-5FF1-3DD4-85C4-4081528C5E80}
		{25A766BB-FB0B-3CD2-8B57-F610435627B4} = {25A766BB-FB0B-3CD2-8B57-F610435627B4}
		{96DA19A8-F680-3729-8A15-27FEAD7134CB} = {96DA19A8-F680-3729-8A15-27FEAD7134CB}
		{8F39E87B-1BD8-3F6D-A489-46575EFBD236} = {8F39E87B-1BD8-3F6D-A489-46575EFBD236}
		{96C42453-C4B9-3407-9A67-83D57F19DD20} = {96C42453-C4B9-3407-9A67-83D57F19DD20}
		{68C04AA3-FC54-33AA-8760-59EF5A0E6C64} = {68C04AA3-FC54-33AA-8760-59EF5A0E6C64}
		{750265CC-E133-3287-9CB4-2F94901035B2} = {750265CC-E133-3287-9CB4-2F94901035B2}
		{088BDFB1-35B2-378A-B868-B1AFA9060291} = {088BDFB1-35B2-378A-B868-B1AFA9060291}
		{8FBE82C4-8608-36A3-8E10-2F35CC1CDCBA} = {8FBE82C4-8608-36A3-8E10-2F35CC1CDCBA}
		{00705399-350A-3F43-9382-A813D51FAE30} = {00705399-350A-3F43-9382-A813D51FAE30}
		{19FF5254-36ED-3521-80DE-14FFB1776D9B} = {19FF5254-36ED-3521-80DE-14FFB1776D9B}
		{B0764818-03E5-39C6-87B1-640ADEBF3483} = {B0764818-03E5-39C6-87B1-640ADEBF3483}
	EndProjectSection
EndProject
Project("{8BC9CEB8-8B4A-11D0-8D11-00A0C91BC942}") = "ext_clipper", "..\..\external\clipper\ext_clipper.vcxproj", "{25A766BB-FB0B-3CD2-8B57-F610435627B4}"
	ProjectSection(ProjectDependencies) = postProject
		{29C428EC-5FF1-3DD4-85C4-4081528C5E80} = {29C428EC-5FF1-3DD4-85C4-4081528C5E80}
	EndProjectSection
EndProject
Project("{8BC9CEB8-8B4A-11D0-8D11-00A0C91BC942}") = "ext_convertUTF", "..\..\external\ConvertUTF\ext_convertUTF.vcxproj", "{96DA19A8-F680-3729-8A15-27FEAD7134CB}"
	ProjectSection(ProjectDependencies) = postProject
		{29C428EC-5FF1-3DD4-85C4-4081528C5E80} = {29C428EC-5FF1-3DD4-85C4-4081528C5E80}
	EndProjectSection
EndProject
Project("{8BC9CEB8-8B4A-11D0-8D11-00A0C91BC942}") = "ext_edtaa3func", "..\..\external\edtaa3func\ext_edtaa3func.vcxproj", "{8F39E87B-1BD8-3F6D-A489-46575EFBD236}"
	ProjectSection(ProjectDependencies) = postProject
		{29C428EC-5FF1-3DD4-85C4-4081528C5E80} = {29C428EC-5FF1-3DD4-85C4-4081528C5E80}
	EndProjectSection
EndProject
Project("{8BC9CEB8-8B4A-11D0-8D11-00A0C91BC942}") = "ext_md5", "..\..\external\md5\ext_md5.vcxproj", "{96C42453-C4B9-3407-9A67-83D57F19DD20}"
	ProjectSection(ProjectDependencies) = postProject
		{29C428EC-5FF1-3DD4-85C4-4081528C5E80} = {29C428EC-5FF1-3DD4-85C4-4081528C5E80}
	EndProjectSection
EndProject
Project("{8BC9CEB8-8B4A-11D0-8D11-00A0C91BC942}") = "ext_poly2tri", "..\..\external\poly2tri\ext_poly2tri.vcxproj", "{68C04AA3-FC54-33AA-8760-59EF5A0E6C64}"
	ProjectSection(ProjectDependencies) = postProject
		{29C428EC-5FF1-3DD4-85C4-4081528C5E80} = {29C428EC-5FF1-3DD4-85C4-4081528C5E80}
	EndProjectSection
EndProject
Project("{8BC9CEB8-8B4A-11D0-8D11-00A0C91BC942}") = "ext_recast", "..\..\external\recast\ext_recast.vcxproj", "{750265CC-E133-3287-9CB4-2F94901035B2}"
	ProjectSection(ProjectDependencies) = postProject
		{29C428EC-5FF1-3DD4-85C4-4081528C5E80} = {29C428EC-5FF1-3DD4-85C4-4081528C5E80}
	EndProjectSection
EndProject
Project("{8BC9CEB8-8B4A-11D0-8D11-00A0C91BC942}") = "ext_tinyxml2", "..\..\external\tinyxml2\ext_tinyxml2.vcxproj", "{088BDFB1-35B2-378A-B868-B1AFA9060291}"
	ProjectSection(ProjectDependencies) = postProject
		{29C428EC-5FF1-3DD4-85C4-4081528C5E80} = {29C428EC-5FF1-3DD4-85C4-4081528C5E80}
	EndProjectSection
EndProject
Project("{8BC9CEB8-8B4A-11D0-8D11-00A0C91BC942}") = "ext_unzip", "..\..\external\unzip\ext_unzip.vcxproj", "{8FBE82C4-8608-36A3-8E10-2F35CC1CDCBA}"
	ProjectSection(ProjectDependencies) = postProject
		{29C428EC-5FF1-3DD4-85C4-4081528C5E80} = {29C428EC-5FF1-3DD4-85C4-4081528C5E80}
	EndProjectSection
EndProject
Project("{8BC9CEB8-8B4A-11D0-8D11-00A0C91BC942}") = "ext_xxhash", "..\..\external\xxhash\ext_xxhash.vcxproj", "{00705399-350A-3F43-9382-A813D51FAE30}"
	ProjectSection(ProjectDependencies) = postProject
		{29C428EC-5FF1-3DD4-85C4-4081528C5E80} = {29C428EC-5FF1-3DD4-85C4-4081528C5E80}
	EndProjectSection
EndProject
Project("{8BC9CEB8-8B4A-11D0-8D11-00A0C91BC942}") = "ext_xxtea", "..\..\external\xxtea\ext_xxtea.vcxproj", "{19FF5254-36ED-3521-80DE-14FFB1776D9B}"
	ProjectSection(ProjectDependencies) = postProject
		{29C428EC-5FF1-3DD4-85C4-4081528C5E80} = {29C428EC-5FF1-3DD4-85C4-4081528C5E80}
	EndProjectSection
EndProject
Project("{8BC9CEB8-8B4A-11D0-8D11-00A0C91BC942}") = "external", "..\..\external\external.vcxproj", "{B0764818-03E5-39C6-87B1-640ADEBF3483}"
	ProjectSection(ProjectDependencies) = postProject
		{29C428EC-5FF1-3DD4-85C4-4081528C5E80} = {29C428EC-5FF1-3DD4-85C4-4081528C5E80}
		{25A766BB-FB0B-3CD2-8B57-F610435627B4} = {25A766BB-FB0B-3CD2-8B57-F610435627B4}
		{96DA19A8-F680-3729-8A15-27FEAD7134CB} = {96DA19A8-F680-3729-8A15-27FEAD7134CB}
		{8F39E87B-1BD8-3F6D-A489-46575EFBD236} = {8F39E87B-1BD8-3F6D-A489-46575EFBD236}
		{96C42453-C4B9-3407-9A67-83D57F19DD20} = {96C42453-C4B9-3407-9A67-83D57F19DD20}
		{68C04AA3-FC54-33AA-8760-59EF5A0E6C64} = {68C04AA3-FC54-33AA-8760-59EF5A0E6C64}
		{750265CC-E133-3287-9CB4-2F94901035B2} = {750265CC-E133-3287-9CB4-2F94901035B2}
		{088BDFB1-35B2-378A-B868-B1AFA9060291} = {088BDFB1-35B2-378A-B868-B1AFA9060291}
		{8FBE82C4-8608-36A3-8E10-2F35CC1CDCBA} = {8FBE82C4-8608-36A3-8E10-2F35CC1CDCBA}
		{00705399-350A-3F43-9382-A813D51FAE30} = {00705399-350A-3F43-9382-A813D51FAE30}
		{19FF5254-36ED-3521-80DE-14FFB1776D9B} = {19FF5254-36ED-3521-80DE-14FFB1776D9B}
	EndProjectSection
EndProject
Global
	GlobalSection(SolutionConfigurationPlatforms) = preSolution
		Debug|win32 = Debug|win32
		Release|win32 = Release|win32
		MinSizeRel|win32 = MinSizeRel|win32
		RelWithDebInfo|win32 = RelWithDebInfo|win32
	EndGlobalSection
	GlobalSection(ProjectConfigurationPlatforms) = postSolution
		{AC250694-6958-3122-BE41-0955CFB5A8DE}.Debug|win32.ActiveCfg = Debug|win32
		{AC250694-6958-3122-BE41-0955CFB5A8DE}.Release|win32.ActiveCfg = Release|win32
		{AC250694-6958-3122-BE41-0955CFB5A8DE}.MinSizeRel|win32.ActiveCfg = MinSizeRel|win32
		{AC250694-6958-3122-BE41-0955CFB5A8DE}.RelWithDebInfo|win32.ActiveCfg = RelWithDebInfo|win32
		{29C428EC-5FF1-3DD4-85C4-4081528C5E80}.Debug|win32.ActiveCfg = Debug|win32
		{29C428EC-5FF1-3DD4-85C4-4081528C5E80}.Debug|win32.Build.0 = Debug|win32
		{29C428EC-5FF1-3DD4-85C4-4081528C5E80}.Release|win32.ActiveCfg = Release|win32
		{29C428EC-5FF1-3DD4-85C4-4081528C5E80}.Release|win32.Build.0 = Release|win32
		{29C428EC-5FF1-3DD4-85C4-4081528C5E80}.MinSizeRel|win32.ActiveCfg = MinSizeRel|win32
		{29C428EC-5FF1-3DD4-85C4-4081528C5E80}.MinSizeRel|win32.Build.0 = MinSizeRel|win32
		{29C428EC-5FF1-3DD4-85C4-4081528C5E80}.RelWithDebInfo|win32.ActiveCfg = RelWithDebInfo|win32
		{29C428EC-5FF1-3DD4-85C4-4081528C5E80}.RelWithDebInfo|win32.Build.0 = RelWithDebInfo|win32
		{266DC389-38EA-3AC6-8E5C-5F972C5CDE20}.Debug|win32.ActiveCfg = Debug|win32
		{266DC389-38EA-3AC6-8E5C-5F972C5CDE20}.Debug|win32.Build.0 = Debug|win32
		{266DC389-38EA-3AC6-8E5C-5F972C5CDE20}.Release|win32.ActiveCfg = Release|win32
		{266DC389-38EA-3AC6-8E5C-5F972C5CDE20}.Release|win32.Build.0 = Release|win32
		{266DC389-38EA-3AC6-8E5C-5F972C5CDE20}.MinSizeRel|win32.ActiveCfg = MinSizeRel|win32
		{266DC389-38EA-3AC6-8E5C-5F972C5CDE20}.MinSizeRel|win32.Build.0 = MinSizeRel|win32
		{266DC389-38EA-3AC6-8E5C-5F972C5CDE20}.RelWithDebInfo|win32.ActiveCfg = RelWithDebInfo|win32
		{266DC389-38EA-3AC6-8E5C-5F972C5CDE20}.RelWithDebInfo|win32.Build.0 = RelWithDebInfo|win32
		{25A766BB-FB0B-3CD2-8B57-F610435627B4}.Debug|win32.ActiveCfg = Debug|win32
		{25A766BB-FB0B-3CD2-8B57-F610435627B4}.Debug|win32.Build.0 = Debug|win32
		{25A766BB-FB0B-3CD2-8B57-F610435627B4}.Release|win32.ActiveCfg = Release|win32
		{25A766BB-FB0B-3CD2-8B57-F610435627B4}.Release|win32.Build.0 = Release|win32
		{25A766BB-FB0B-3CD2-8B57-F610435627B4}.MinSizeRel|win32.ActiveCfg = MinSizeRel|win32
		{25A766BB-FB0B-3CD2-8B57-F610435627B4}.MinSizeRel|win32.Build.0 = MinSizeRel|win32
		{25A766BB-FB0B-3CD2-8B57-F610435627B4}.RelWithDebInfo|win32.ActiveCfg = RelWithDebInfo|win32
		{25A766BB-FB0B-3CD2-8B57-F610435627B4}.RelWithDebInfo|win32.Build.0 = RelWithDebInfo|win32
		{96DA19A8-F680-3729-8A15-27FEAD7134CB}.Debug|win32.ActiveCfg = Debug|win32
		{96DA19A8-F680-3729-8A15-27FEAD7134CB}.Debug|win32.Build.0 = Debug|win32
		{96DA19A8-F680-3729-8A15-27FEAD7134CB}.Release|win32.ActiveCfg = Release|win32
		{96DA19A8-F680-3729-8A15-27FEAD7134CB}.Release|win32.Build.0 = Release|win32
		{96DA19A8-F680-3729-8A15-27FEAD7134CB}.MinSizeRel|win32.ActiveCfg = MinSizeRel|win32
		{96DA19A8-F680-3729-8A15-27FEAD7134CB}.MinSizeRel|win32.Build.0 = MinSizeRel|win32
		{96DA19A8-F680-3729-8A15-27FEAD7134CB}.RelWithDebInfo|win32.ActiveCfg = RelWithDebInfo|win32
		{96DA19A8-F680-3729-8A15-27FEAD7134CB}.RelWithDebInfo|win32.Build.0 = RelWithDebInfo|win32
		{8F39E87B-1BD8-3F6D-A489-46575EFBD236}.Debug|win32.ActiveCfg = Debug|win32
		{8F39E87B-1BD8-3F6D-A489-46575EFBD236}.Debug|win32.Build.0 = Debug|win32
		{8F39E87B-1BD8-3F6D-A489-46575EFBD236}.Release|win32.ActiveCfg = Release|win32
		{8F39E87B-1BD8-3F6D-A489-46575EFBD236}.Release|win32.Build.0 = Release|win32
		{8F39E87B-1BD8-3F6D-A489-46575EFBD236}.MinSizeRel|win32.ActiveCfg = MinSizeRel|win32
		{8F39E87B-1BD8-3F6D-A489-46575EFBD236}.MinSizeRel|win32.Build.0 = MinSizeRel|win32
		{8F39E87B-1BD8-3F6D-A489-46575EFBD236}.RelWithDebInfo|win32.ActiveCfg = RelWithDebInfo|win32
		{8F39E87B-1BD8-3F6D-A489-46575EFBD236}.RelWithDebInfo|win32.Build.0 = RelWithDebInfo|win32
		{96C42453-C4B9-3407-9A67-83D57F19DD20}.Debug|win32.ActiveCfg = Debug|win32
		{96C42453-C4B9-3407-9A67-83D57F19DD20}.Debug|win32.Build.0 = Debug|win32
		{96C42453-C4B9-3407-9A67-83D57F19DD20}.Release|win32.ActiveCfg = Release|win32
		{96C42453-C4B9-3407-9A67-83D57F19DD20}.Release|win32.Build.0 = Release|win32
		{96C42453-C4B9-3407-9A67-83D57F19DD20}.MinSizeRel|win32.ActiveCfg = MinSizeRel|win32
		{96C42453-C4B9-3407-9A67-83D57F19DD20}.MinSizeRel|win32.Build.0 = MinSizeRel|win32
		{96C42453-C4B9-3407-9A67-83D57F19DD20}.RelWithDebInfo|win32.ActiveCfg = RelWithDebInfo|win32
		{96C42453-C4B9-3407-9A67-83D57F19DD20}.RelWithDebInfo|win32.Build.0 = RelWithDebInfo|win32
		{68C04AA3-FC54-33AA-8760-59EF5A0E6C64}.Debug|win32.ActiveCfg = Debug|win32
		{68C04AA3-FC54-33AA-8760-59EF5A0E6C64}.Debug|win32.Build.0 = Debug|win32
		{68C04AA3-FC54-33AA-8760-59EF5A0E6C64}.Release|win32.ActiveCfg = Release|win32
		{68C04AA3-FC54-33AA-8760-59EF5A0E6C64}.Release|win32.Build.0 = Release|win32
		{68C04AA3-FC54-33AA-8760-59EF5A0E6C64}.MinSizeRel|win32.ActiveCfg = MinSizeRel|win32
		{68C04AA3-FC54-33AA-8760-59EF5A0E6C64}.MinSizeRel|win32.Build.0 = MinSizeRel|win32
		{68C04AA3-FC54-33AA-8760-59EF5A0E6C64}.RelWithDebInfo|win32.ActiveCfg = RelWithDebInfo|win32
		{68C04AA3-FC54-33AA-8760-59EF5A0E6C64}.RelWithDebInfo|win32.Build.0 = RelWithDebInfo|win32
		{750265CC-E133-3287-9CB4-2F94901035B2}.Debug|win32.ActiveCfg = Debug|win32
		{750265CC-E133-3287-9CB4-2F94901035B2}.Debug|win32.Build.0 = Debug|win32
		{750265CC-E133-3287-9CB4-2F94901035B2}.Release|win32.ActiveCfg = Release|win32
		{750265CC-E133-3287-9CB4-2F94901035B2}.Release|win32.Build.0 = Release|win32
		{750265CC-E133-3287-9CB4-2F94901035B2}.MinSizeRel|win32.ActiveCfg = MinSizeRel|win32
		{750265CC-E133-3287-9CB4-2F94901035B2}.MinSizeRel|win32.Build.0 = MinSizeRel|win32
		{750265CC-E133-3287-9CB4-2F94901035B2}.RelWithDebInfo|win32.ActiveCfg = RelWithDebInfo|win32
		{750265CC-E133-3287-9CB4-2F94901035B2}.RelWithDebInfo|win32.Build.0 = RelWithDebInfo|win32
		{088BDFB1-35B2-378A-B868-B1AFA9060291}.Debug|win32.ActiveCfg = Debug|win32
		{088BDFB1-35B2-378A-B868-B1AFA9060291}.Debug|win32.Build.0 = Debug|win32
		{088BDFB1-35B2-378A-B868-B1AFA9060291}.Release|win32.ActiveCfg = Release|win32
		{088BDFB1-35B2-378A-B868-B1AFA9060291}.Release|win32.Build.0 = Release|win32
		{088BDFB1-35B2-378A-B868-B1AFA9060291}.MinSizeRel|win32.ActiveCfg = MinSizeRel|win32
		{088BDFB1-35B2-378A-B868-B1AFA9060291}.MinSizeRel|win32.Build.0 = MinSizeRel|win32
		{088BDFB1-35B2-378A-B868-B1AFA9060291}.RelWithDebInfo|win32.ActiveCfg = RelWithDebInfo|win32
		{088BDFB1-35B2-378A-B868-B1AFA9060291}.RelWithDebInfo|win32.Build.0 = RelWithDebInfo|win32
		{8FBE82C4-8608-36A3-8E10-2F35CC1CDCBA}.Debug|win32.ActiveCfg = Debug|win32
		{8FBE82C4-8608-36A3-8E10-2F35CC1CDCBA}.Debug|win32.Build.0 = Debug|win32
		{8FBE82C4-8608-36A3-8E10-2F35CC1CDCBA}.Release|win32.ActiveCfg = Release|win32
		{8FBE82C4-8608-36A3-8E10-2F35CC1CDCBA}.Release|win32.Build.0 = Release|win32
		{8FBE82C4-8608-36A3-8E10-2F35CC1CDCBA}.MinSizeRel|win32.ActiveCfg = MinSizeRel|win32
		{8FBE82C4-8608-36A3-8E10-2F35CC1CDCBA}.MinSizeRel|win32.Build.0 = MinSizeRel|win32
		{8FBE82C4-8608-36A3-8E10-2F35CC1CDCBA}.RelWithDebInfo|win32.ActiveCfg = RelWithDebInfo|win32
		{8FBE82C4-8608-36A3-8E10-2F35CC1CDCBA}.RelWithDebInfo|win32.Build.0 = RelWithDebInfo|win32
		{00705399-350A-3F43-9382-A813D51FAE30}.Debug|win32.ActiveCfg = Debug|win32
		{00705399-350A-3F43-9382-A813D51FAE30}.Debug|win32.Build.0 = Debug|win32
		{00705399-350A-3F43-9382-A813D51FAE30}.Release|win32.ActiveCfg = Release|win32
		{00705399-350A-3F43-9382-A813D51FAE30}.Release|win32.Build.0 = Release|win32
		{00705399-350A-3F43-9382-A813D51FAE30}.MinSizeRel|win32.ActiveCfg = MinSizeRel|win32
		{00705399-350A-3F43-9382-A813D51FAE30}.MinSizeRel|win32.Build.0 = MinSizeRel|win32
		{00705399-350A-3F43-9382-A813D51FAE30}.RelWithDebInfo|win32.ActiveCfg = RelWithDebInfo|win32
		{00705399-350A-3F43-9382-A813D51FAE30}.RelWithDebInfo|win32.Build.0 = RelWithDebInfo|win32
		{19FF5254-36ED-3521-80DE-14FFB1776D9B}.Debug|win32.ActiveCfg = Debug|win32
		{19FF5254-36ED-3521-80DE-14FFB1776D9B}.Debug|win32.Build.0 = Debug|win32
		{19FF5254-36ED-3521-80DE-14FFB1776D9B}.Release|win32.ActiveCfg = Release|win32
		{19FF5254-36ED-3521-80DE-14FFB1776D9B}.Release|win32.Build.0 = Release|win32
		{19FF5254-36ED-3521-80DE-14FFB1776D9B}.MinSizeRel|win32.ActiveCfg = MinSizeRel|win32
		{19FF5254-36ED-3521-80DE-14FFB1776D9B}.MinSizeRel|win32.Build.0 = MinSizeRel|win32
		{19FF5254-36ED-3521-80DE-14FFB1776D9B}.RelWithDebInfo|win32.ActiveCfg = RelWithDebInfo|win32
		{19FF5254-36ED-3521-80DE-14FFB1776D9B}.RelWithDebInfo|win32.Build.0 = RelWithDebInfo|win32
		{B0764818-03E5-39C6-87B1-640ADEBF3483}.Debug|win32.ActiveCfg = Debug|win32
		{B0764818-03E5-39C6-87B1-640ADEBF3483}.Debug|win32.Build.0 = Debug|win32
		{B0764818-03E5-39C6-87B1-640ADEBF3483}.Release|win32.ActiveCfg = Release|win32
		{B0764818-03E5-39C6-87B1-640ADEBF3483}.Release|win32.Build.0 = Release|win32
		{B0764818-03E5-39C6-87B1-640ADEBF3483}.MinSizeRel|win32.ActiveCfg = MinSizeRel|win32
		{B0764818-03E5-39C6-87B1-640ADEBF3483}.MinSizeRel|win32.Build.0 = MinSizeRel|win32
		{B0764818-03E5-39C6-87B1-640ADEBF3483}.RelWithDebInfo|win32.ActiveCfg = RelWithDebInfo|win32
		{B0764818-03E5-39C6-87B1-640ADEBF3483}.RelWithDebInfo|win32.Build.0 = RelWithDebInfo|win32
	EndGlobalSection
	GlobalSection(NestedProjects) = preSolution
		{AC250694-6958-3122-BE41-0955CFB5A8DE} = {1868B0DC-2401-33D0-BDE6-2C571FAEF80B}
		{29C428EC-5FF1-3DD4-85C4-4081528C5E80} = {1868B0DC-2401-33D0-BDE6-2C571FAEF80B}
		{25A766BB-FB0B-3CD2-8B57-F610435627B4} = {D9D941D9-A68A-3EB7-8741-E4E101AAB5EE}
		{96DA19A8-F680-3729-8A15-27FEAD7134CB} = {D9D941D9-A68A-3EB7-8741-E4E101AAB5EE}
		{8F39E87B-1BD8-3F6D-A489-46575EFBD236} = {D9D941D9-A68A-3EB7-8741-E4E101AAB5EE}
		{96C42453-C4B9-3407-9A67-83D57F19DD20} = {D9D941D9-A68A-3EB7-8741-E4E101AAB5EE}
		{68C04AA3-FC54-33AA-8760-59EF5A0E6C64} = {D9D941D9-A68A-3EB7-8741-E4E101AAB5EE}
		{750265CC-E133-3287-9CB4-2F94901035B2} = {D9D941D9-A68A-3EB7-8741-E4E101AAB5EE}
		{088BDFB1-35B2-378A-B868-B1AFA9060291} = {D9D941D9-A68A-3EB7-8741-E4E101AAB5EE}
		{8FBE82C4-8608-36A3-8E10-2F35CC1CDCBA} = {D9D941D9-A68A-3EB7-8741-E4E101AAB5EE}
		{00705399-350A-3F43-9382-A813D51FAE30} = {D9D941D9-A68A-3EB7-8741-E4E101AAB5EE}
		{19FF5254-36ED-3521-80DE-14FFB1776D9B} = {D9D941D9-A68A-3EB7-8741-E4E101AAB5EE}
		{B0764818-03E5-39C6-87B1-640ADEBF3483} = {D9D941D9-A68A-3EB7-8741-E4E101AAB5EE}
		{266DC389-38EA-3AC6-8E5C-5F972C5CDE20} = {98951AE9-759D-3485-BFAF-37E9C062ED5E}
	EndGlobalSection
	GlobalSection(ExtensibilityGlobals) = postSolution
		SolutionGuid = {2E5E6B9D-974F-304A-8ACD-F62C6870DA2F}
	EndGlobalSection
	GlobalSection(ExtensibilityAddIns) = postSolution
	EndGlobalSection
EndGlobal
