<?xml version="1.0" encoding="utf-8"?>
<Project ToolsVersion="16.0" xmlns="http://schemas.microsoft.com/developer/msbuild/2003">
  <ItemGroup>
    <ClCompile Include="D:\Poooooopstar\poooooop\poop\Classes\AppDelegate.cpp">
      <Filter>Source Files\Classes</Filter>
    </ClCompile>
    <ClCompile Include="D:\Poooooopstar\poooooop\poop\Classes\GameLevel.cpp">
      <Filter>Source Files\Classes</Filter>
    </ClCompile>
    <ClCompile Include="D:\Poooooopstar\poooooop\poop\Classes\GameScene.cpp">
      <Filter>Source Files\Classes</Filter>
    </ClCompile>
    <ClCompile Include="D:\Poooooopstar\poooooop\poop\Classes\PopStar.cpp">
      <Filter>Source Files\Classes</Filter>
    </ClCompile>
    <ClCompile Include="D:\Poooooopstar\poooooop\poop\Classes\PopStarDataMgr.cpp">
      <Filter>Source Files\Classes</Filter>
    </ClCompile>
    <ClCompile Include="D:\Poooooopstar\poooooop\poop\Classes\PopStarLayer.cpp">
      <Filter>Source Files\Classes</Filter>
    </ClCompile>
    <ClCompile Include="D:\Poooooopstar\poooooop\poop\Classes\PopStarState.cpp">
      <Filter>Source Files\Classes</Filter>
    </ClCompile>
    <ClCompile Include="D:\Poooooopstar\poooooop\poop\Classes\Star.cpp">
      <Filter>Source Files\Classes</Filter>
    </ClCompile>
    <ClCompile Include="D:\Poooooopstar\poooooop\poop\Classes\StartLayer.cpp">
      <Filter>Source Files\Classes</Filter>
    </ClCompile>
    <ClCompile Include="D:\Poooooopstar\poooooop\poop\proj.win32\main.cpp">
      <Filter>Source Files\proj.win32</Filter>
    </ClCompile>
    <ClCompile Include="D:\Poooooopstar\poooooop\poop\cocos2d\cocos\precheader.cpp">
      <Filter>Source Files</Filter>
    </ClCompile>
    <ClCompile Include="..\Classes\GameOverLayer.cpp">
      <Filter>Source Files\Classes</Filter>
    </ClCompile>
  </ItemGroup>
  <ItemGroup>
    <ClInclude Include="D:\Poooooopstar\poooooop\poop\Classes\AppDelegate.h">
      <Filter>Source Files\Classes</Filter>
    </ClInclude>
    <ClInclude Include="D:\Poooooopstar\poooooop\poop\Classes\GameLevel.h">
      <Filter>Source Files\Classes</Filter>
    </ClInclude>
    <ClInclude Include="D:\Poooooopstar\poooooop\poop\Classes\GameScene.h">
      <Filter>Source Files\Classes</Filter>
    </ClInclude>
    <ClInclude Include="D:\Poooooopstar\poooooop\poop\Classes\PopStar.h">
      <Filter>Source Files\Classes</Filter>
    </ClInclude>
    <ClInclude Include="D:\Poooooopstar\poooooop\poop\Classes\PopStarDataMgr.h">
      <Filter>Source Files\Classes</Filter>
    </ClInclude>
    <ClInclude Include="D:\Poooooopstar\poooooop\poop\Classes\PopStarLayer.h">
      <Filter>Source Files\Classes</Filter>
    </ClInclude>
    <ClInclude Include="D:\Poooooopstar\poooooop\poop\Classes\PopStarState.h">
      <Filter>Source Files\Classes</Filter>
    </ClInclude>
    <ClInclude Include="D:\Poooooopstar\poooooop\poop\Classes\Star.h">
      <Filter>Source Files\Classes</Filter>
    </ClInclude>
    <ClInclude Include="D:\Poooooopstar\poooooop\poop\Classes\StartLayer.h">
      <Filter>Source Files\Classes</Filter>
    </ClInclude>
    <ClInclude Include="D:\Poooooopstar\poooooop\poop\proj.win32\main.h">
      <Filter>Source Files\proj.win32</Filter>
    </ClInclude>
    <ClInclude Include="D:\Poooooopstar\poooooop\poop\proj.win32\resource.h">
      <Filter>Source Files\proj.win32</Filter>
    </ClInclude>
    <ClInclude Include="..\Classes\GameOverLayer.h">
      <Filter>Source Files\Classes</Filter>
    </ClInclude>
  </ItemGroup>
  <ItemGroup>
    <CustomBuild Include="D:\Poooooopstar\poooooop\poop\CMakeLists.txt" />
  </ItemGroup>
  <ItemGroup>
    <ResourceCompile Include="D:\Poooooopstar\poooooop\poop\proj.win32\game.rc">
      <Filter>Source Files\proj.win32</Filter>
    </ResourceCompile>
  </ItemGroup>
  <ItemGroup>
    <Filter Include="Resources">
      <UniqueIdentifier>{0CEE969B-357E-3716-85B1-29A63DC3DAB9}</UniqueIdentifier>
    </Filter>
    <Filter Include="Source Files">
      <UniqueIdentifier>{A02E3C09-515C-3B73-B7C5-0E20C07324A6}</UniqueIdentifier>
    </Filter>
    <Filter Include="Source Files\Classes">
      <UniqueIdentifier>{95AAE6F5-A5DC-3A38-8ED2-0BA68B0F9A7E}</UniqueIdentifier>
    </Filter>
    <Filter Include="Source Files\proj.win32">
      <UniqueIdentifier>{3E5A77B7-E237-3C1B-A711-0316631D18B6}</UniqueIdentifier>
    </Filter>
  </ItemGroup>
  <ItemGroup>
    <Image Include="..\Resources\level_info_hint.png">
      <Filter>Resources</Filter>
    </Image>
    <Image Include="..\Resources\popstar_over.png">
      <Filter>Resources</Filter>
    </Image>
    <Image Include="..\Resources\popstar_start.png">
      <Filter>Resources</Filter>
    </Image>
  </ItemGroup>
</Project>