<?xml version="1.0" encoding="utf-8"?>
<Project ToolsVersion="16.0" xmlns="http://schemas.microsoft.com/developer/msbuild/2003">
  <ItemGroup>
    <CustomBuild Include="D:\Poooooopstar\poooooop\poop\win32-build\CMakeFiles\8c01753841ff5e35129528db9d0c2e93\SYNC_RESOURCE-poop.rule">
      <Filter>CMake Rules</Filter>
    </CustomBuild>
    <CustomBuild Include="D:\Poooooopstar\poooooop\poop\CMakeLists.txt" />
  </ItemGroup>
  <ItemGroup>
    <None Include="D:\Poooooopstar\poooooop\poop\win32-build\CMakeFiles\SYNC_RESOURCE-poop" />
  </ItemGroup>
  <ItemGroup>
    <Filter Include="CMake Rules">
      <UniqueIdentifier>{151734B0-FAB4-32F1-929A-670FC871C36C}</UniqueIdentifier>
    </Filter>
  </ItemGroup>
</Project>
